<?xml version="1.0" encoding="utf-8"?>
<Project ToolsVersion="4.0" xmlns="http://schemas.microsoft.com/developer/msbuild/2003">
  <ItemGroup>
    <Filter Include="源文件">
      <UniqueIdentifier>{4FC737F1-C7A5-4376-A066-2A32D752A2FF}</UniqueIdentifier>
      <Extensions>cpp;c;cxx;def;odl;idl;hpj;bat;asm;asmx</Extensions>
    </Filter>
    <Filter Include="头文件">
      <UniqueIdentifier>{93995380-89BD-4b04-88EB-625FBE52EBFB}</UniqueIdentifier>
      <Extensions>h;hpp;hxx;hm;inl;inc;xsd</Extensions>
    </Filter>
    <Filter Include="资源文件">
      <UniqueIdentifier>{67DA6AB6-F800-4c08-8B7A-83BB121AAD01}</UniqueIdentifier>
      <Extensions>rc;ico;cur;bmp;dlg;rc2;rct;bin;rgs;gif;jpg;jpeg;jpe;resx</Extensions>
    </Filter>
    <Filter Include="network">
      <UniqueIdentifier>{ed19e6ab-c9a1-499d-b82e-f0c7dbf6d0ee}</UniqueIdentifier>
    </Filter>
    <Filter Include="database">
      <UniqueIdentifier>{b6f05676-70d9-4e95-a32c-e33fc835b74b}</UniqueIdentifier>
    </Filter>
  </ItemGroup>
  <ItemGroup>
    <ClCompile Include="Collector2.cpp">
      <Filter>源文件</Filter>
    </ClCompile>
    <ClCompile Include="Collector2Dlg.cpp">
      <Filter>源文件</Filter>
    </ClCompile>
    <ClCompile Include="DBOperator.cpp">
      <Filter>源文件</Filter>
    </ClCompile>
    <ClCompile Include="GameFrameManager.cpp">
      <Filter>源文件</Filter>
    </ClCompile>
    <ClCompile Include="GameServerManager.cpp">
      <Filter>源文件</Filter>
    </ClCompile>
    <ClCompile Include="ServerSettingDlg.cpp">
      <Filter>源文件</Filter>
    </ClCompile>
    <ClCompile Include="stdafx.cpp">
      <Filter>源文件</Filter>
    </ClCompile>
    <ClCompile Include="network\AtomicBoolean.cpp">
      <Filter>network</Filter>
    </ClCompile>
    <ClCompile Include="network\AtomicCounter.cpp">
      <Filter>network</Filter>
    </ClCompile>
    <ClCompile Include="network\AtomicULong.cpp">
      <Filter>network</Filter>
    </ClCompile>
    <ClCompile Include="network\MolCircularBuffer.cpp">
      <Filter>network</Filter>
    </ClCompile>
    <ClCompile Include="network\MolMessageIn.cpp">
      <Filter>network</Filter>
    </ClCompile>
    <ClCompile Include="network\MolMessageOut.cpp">
      <Filter>network</Filter>
    </ClCompile>
    <ClCompile Include="network\MolMutex.cpp">
      <Filter>network</Filter>
    </ClCompile>
    <ClCompile Include="network\MolNet.cpp">
      <Filter>network</Filter>
    </ClCompile>
    <ClCompile Include="network\MolNetMessage.cpp">
      <Filter>network</Filter>
    </ClCompile>
    <ClCompile Include="network\MolSocket.cpp">
      <Filter>network</Filter>
    </ClCompile>
    <ClCompile Include="network\MolSocketMgrWin32.cpp">
      <Filter>network</Filter>
    </ClCompile>
    <ClCompile Include="network\MolSocketOps.cpp">
      <Filter>network</Filter>
    </ClCompile>
    <ClCompile Include="network\MolSocketWin32.cpp">
      <Filter>network</Filter>
    </ClCompile>
    <ClCompile Include="network\MolThreadPool.cpp">
      <Filter>network</Filter>
    </ClCompile>
    <ClCompile Include="database\connectPool.cpp">
      <Filter>database</Filter>
    </ClCompile>
    <ClCompile Include="database\dataprovider.cpp">
      <Filter>database</Filter>
    </ClCompile>
    <ClCompile Include="database\dataproviderfactory.cpp">
      <Filter>database</Filter>
    </ClCompile>
    <ClCompile Include="database\mysqldataprovider.cpp">
      <Filter>database</Filter>
    </ClCompile>
    <ClCompile Include="database\recordset.cpp">
      <Filter>database</Filter>
    </ClCompile>
  </ItemGroup>
  <ItemGroup>
    <ClInclude Include="Collector2.h">
      <Filter>头文件</Filter>
    </ClInclude>
    <ClInclude Include="Collector2Dlg.h">
      <Filter>头文件</Filter>
    </ClInclude>
    <ClInclude Include="DBOperator.h">
      <Filter>头文件</Filter>
    </ClInclude>
    <ClInclude Include="defines.h">
      <Filter>头文件</Filter>
    </ClInclude>
    <ClInclude Include="GameFrameManager.h">
      <Filter>头文件</Filter>
    </ClInclude>
    <ClInclude Include="GameServerManager.h">
      <Filter>头文件</Filter>
    </ClInclude>
    <ClInclude Include="Resource.h">
      <Filter>头文件</Filter>
    </ClInclude>
    <ClInclude Include="ServerSettingDlg.h">
      <Filter>头文件</Filter>
    </ClInclude>
    <ClInclude Include="stdafx.h">
      <Filter>头文件</Filter>
    </ClInclude>
    <ClInclude Include="network\AtomicBoolean.h">
      <Filter>network</Filter>
    </ClInclude>
    <ClInclude Include="network\AtomicCounter.h">
      <Filter>network</Filter>
    </ClInclude>
    <ClInclude Include="network\AtomicULong.h">
      <Filter>network</Filter>
    </ClInclude>
    <ClInclude Include="network\MolCircularBuffer.h">
      <Filter>network</Filter>
    </ClInclude>
    <ClInclude Include="network\MolCommon.h">
      <Filter>network</Filter>
    </ClInclude>
    <ClInclude Include="network\MolListenSocketWin32.h">
      <Filter>network</Filter>
    </ClInclude>
    <ClInclude Include="network\MolMessageIn.h">
      <Filter>network</Filter>
    </ClInclude>
    <ClInclude Include="network\MolMessageOut.h">
      <Filter>network</Filter>
    </ClInclude>
    <ClInclude Include="network\MolMutex.h">
      <Filter>network</Filter>
    </ClInclude>
    <ClInclude Include="network\MolNet.h">
      <Filter>network</Filter>
    </ClInclude>
    <ClInclude Include="network\MolNetMessage.h">
      <Filter>network</Filter>
    </ClInclude>
    <ClInclude Include="network\MolSingleton.h">
      <Filter>network</Filter>
    </ClInclude>
    <ClInclude Include="network\MolSocket.h">
      <Filter>network</Filter>
    </ClInclude>
    <ClInclude Include="network\MolSocketDefines.h">
      <Filter>network</Filter>
    </ClInclude>
    <ClInclude Include="network\MolSocketMgrWin32.h">
      <Filter>network</Filter>
    </ClInclude>
    <ClInclude Include="network\MolSocketOps.h">
      <Filter>network</Filter>
    </ClInclude>
    <ClInclude Include="network\MolString.h">
      <Filter>network</Filter>
    </ClInclude>
    <ClInclude Include="network\MolThreadPool.h">
      <Filter>network</Filter>
    </ClInclude>
    <ClInclude Include="network\MolThreadStarter.h">
      <Filter>network</Filter>
    </ClInclude>
    <ClInclude Include="database\connectPool.h">
      <Filter>database</Filter>
    </ClInclude>
    <ClInclude Include="database\dalexcept.h">
      <Filter>database</Filter>
    </ClInclude>
    <ClInclude Include="database\dataprovider.h">
      <Filter>database</Filter>
    </ClInclude>
    <ClInclude Include="database\dataproviderfactory.h">
      <Filter>database</Filter>
    </ClInclude>
    <ClInclude Include="database\mysqldataprovider.h">
      <Filter>database</Filter>
    </ClInclude>
    <ClInclude Include="database\recordset.h">
      <Filter>database</Filter>
    </ClInclude>
  </ItemGroup>
  <ItemGroup>
    <None Include="res\Collector2.ico">
      <Filter>资源文件</Filter>
    </None>
    <None Include="res\Collector2.rc2">
      <Filter>资源文件</Filter>
    </None>
    <None Include="ReadMe.txt" />
  </ItemGroup>
  <ItemGroup>
    <ResourceCompile Include="Collector2.rc">
      <Filter>资源文件</Filter>
    </ResourceCompile>
  </ItemGroup>
  <ItemGroup>
    <Manifest Include="res\Collector2.manifest" />
  </ItemGroup>
</Project>